
Microsoft Visual Studio Solution File, Format Version 12.00
# Visual Studio 14
VisualStudioVersion = 14.0.25420.1
MinimumVisualStudioVersion = 10.0.40219.1
Project("{FAE04EC0-301F-11D3-BF4B-00C04F79EFBC}") = "Number guessing Game", "Number guessing Game\Number guessing Game.csproj", "{4B6AFC66-57DF-4F56-B64A-81CB1E687AA0}"
EndProject
Global
	GlobalSection(SolutionConfigurationPlatforms) = preSolution
		Debug|Any CPU = Debug|Any CPU
		Release|Any CPU = Release|Any CPU
	EndGlobalSection
	GlobalSection(ProjectConfigurationPlatforms) = postSolution
		{4B6AFC66-57DF-4F56-B64A-81CB1E687AA0}.Debug|Any CPU.ActiveCfg = Debug|Any CPU
		{4B6AFC66-57DF-4F56-B64A-81CB1E687AA0}.Debug|Any CPU.Build.0 = Debug|Any CPU
		{4B6AFC66-57DF-4F56-B64A-81CB1E687AA0}.Release|Any CPU.ActiveCfg = Release|Any CPU
		{4B6AFC66-57DF-4F56-B64A-81CB1E687AA0}.Release|Any CPU.Build.0 = Release|Any CPU
	EndGlobalSection
	GlobalSection(SolutionProperties) = preSolution
		HideSolutionNode = FALSE
	EndGlobalSection
EndGlobal
